
Microsoft Visual Studio Solution File, Format Version 12.00
# Visual Studio Version 17
VisualStudioVersion = 17.11.35327.3
MinimumVisualStudioVersion = 10.0.40219.1
Project("{8BC9CEB8-8B4A-11D0-8D11-00A0C91BC942}") = "MazeBasic？？？？", "MazeBasic？？？？.vcxproj", "{559899E7-5892-4BCD-86B3-FDC9BFE49669}"
EndProject
Global
	GlobalSection(SolutionConfigurationPlatforms) = preSolution
		Debug|x64 = Debug|x64
		Debug|x86 = Debug|x86
		Release|x64 = Release|x64
		Release|x86 = Release|x86
	EndGlobalSection
	GlobalSection(ProjectConfigurationPlatforms) = postSolution
		{559899E7-5892-4BCD-86B3-FDC9BFE49669}.Debug|x64.ActiveCfg = Debug|x64
		{559899E7-5892-4BCD-86B3-FDC9BFE49669}.Debug|x64.Build.0 = Debug|x64
		{559899E7-5892-4BCD-86B3-FDC9BFE49669}.Debug|x86.ActiveCfg = Debug|Win32
		{559899E7-5892-4BCD-86B3-FDC9BFE49669}.Debug|x86.Build.0 = Debug|Win32
		{559899E7-5892-4BCD-86B3-FDC9BFE49669}.Release|x64.ActiveCfg = Release|x64
		{559899E7-5892-4BCD-86B3-FDC9BFE49669}.Release|x64.Build.0 = Release|x64
		{559899E7-5892-4BCD-86B3-FDC9BFE49669}.Release|x86.ActiveCfg = Release|Win32
		{559899E7-5892-4BCD-86B3-FDC9BFE49669}.Release|x86.Build.0 = Release|Win32
	EndGlobalSection
	GlobalSection(SolutionProperties) = preSolution
		HideSolutionNode = FALSE
	EndGlobalSection
	GlobalSection(ExtensibilityGlobals) = postSolution
		SolutionGuid = {61F79881-4AD9-44EE-A33E-DF0928A4596F}
	EndGlobalSection
EndGlobal
